
Microsoft Visual Studio Solution File, Format Version 12.00
# Visual Studio Version 17
VisualStudioVersion = 17.4.33403.182
MinimumVisualStudioVersion = 10.0.40219.1
Project("{9A19103F-16F7-4668-BE54-9A1E7A4F7556}") = "KeeperPRO.Api", "KeeperPRO.Api.csproj", "{6195DA5A-C6D4-4751-9154-45B4C0EEF30E}"
EndProject
Project("{2150E333-8FDC-42A3-9474-1A3956D46DE8}") = "Solution Items", "Solution Items", "{CBDD5595-C2E1-47C5-B5BF-CA65CC354974}"
	ProjectSection(SolutionItems) = preProject
		.editorconfig = .editorconfig
	EndProjectSection
EndProject
Project("{9A19103F-16F7-4668-BE54-9A1E7A4F7556}") = "KeeperPRO.ConsoleClient", "..\KeeperPRO.ConsoleClient\KeeperPRO.ConsoleClient.csproj", "{5449686B-B97D-426E-8811-3E746C7BC783}"
EndProject
Project("{FAE04EC0-301F-11D3-BF4B-00C04F79EFBC}") = "KeeperPRO.WPFClient", "..\KeeperPRO.WPFClient\KeeperPRO.WPFClient.csproj", "{9E3F55A1-DDC8-486E-814D-F9CCFEEF4283}"
EndProject
Global
	GlobalSection(SolutionConfigurationPlatforms) = preSolution
		Debug|Any CPU = Debug|Any CPU
		Release|Any CPU = Release|Any CPU
	EndGlobalSection
	GlobalSection(ProjectConfigurationPlatforms) = postSolution
		{6195DA5A-C6D4-4751-9154-45B4C0EEF30E}.Debug|Any CPU.ActiveCfg = Debug|Any CPU
		{6195DA5A-C6D4-4751-9154-45B4C0EEF30E}.Debug|Any CPU.Build.0 = Debug|Any CPU
		{6195DA5A-C6D4-4751-9154-45B4C0EEF30E}.Release|Any CPU.ActiveCfg = Release|Any CPU
		{6195DA5A-C6D4-4751-9154-45B4C0EEF30E}.Release|Any CPU.Build.0 = Release|Any CPU
		{5449686B-B97D-426E-8811-3E746C7BC783}.Debug|Any CPU.ActiveCfg = Debug|Any CPU
		{5449686B-B97D-426E-8811-3E746C7BC783}.Debug|Any CPU.Build.0 = Debug|Any CPU
		{5449686B-B97D-426E-8811-3E746C7BC783}.Release|Any CPU.ActiveCfg = Release|Any CPU
		{5449686B-B97D-426E-8811-3E746C7BC783}.Release|Any CPU.Build.0 = Release|Any CPU
		{9E3F55A1-DDC8-486E-814D-F9CCFEEF4283}.Debug|Any CPU.ActiveCfg = Debug|Any CPU
		{9E3F55A1-DDC8-486E-814D-F9CCFEEF4283}.Debug|Any CPU.Build.0 = Debug|Any CPU
		{9E3F55A1-DDC8-486E-814D-F9CCFEEF4283}.Release|Any CPU.ActiveCfg = Release|Any CPU
		{9E3F55A1-DDC8-486E-814D-F9CCFEEF4283}.Release|Any CPU.Build.0 = Release|Any CPU
	EndGlobalSection
	GlobalSection(SolutionProperties) = preSolution
		HideSolutionNode = FALSE
	EndGlobalSection
	GlobalSection(ExtensibilityGlobals) = postSolution
		SolutionGuid = {9EE93ECF-DF72-42E2-A1EE-9B467A6634CB}
	EndGlobalSection
EndGlobal
